
Microsoft Visual Studio Solution File, Format Version 12.00
# Visual Studio Version 16
VisualStudioVersion = 16.0.30907.101
MinimumVisualStudioVersion = 10.0.40219.1
Project("{FAE04EC0-301F-11D3-BF4B-00C04F79EFBC}") = "HOME_MANAGEMENT", "HOME_MANAGEMENT\HOME_MANAGEMENT.csproj", "{979F0DAE-F4A4-4A0C-824D-AA20E0083384}"
EndProject
Global
	GlobalSection(SolutionConfigurationPlatforms) = preSolution
		Debug|Any CPU = Debug|Any CPU
		Release|Any CPU = Release|Any CPU
	EndGlobalSection
	GlobalSection(ProjectConfigurationPlatforms) = postSolution
		{979F0DAE-F4A4-4A0C-824D-AA20E0083384}.Debug|Any CPU.ActiveCfg = Debug|Any CPU
		{979F0DAE-F4A4-4A0C-824D-AA20E0083384}.Debug|Any CPU.Build.0 = Debug|Any CPU
		{979F0DAE-F4A4-4A0C-824D-AA20E0083384}.Release|Any CPU.ActiveCfg = Release|Any CPU
		{979F0DAE-F4A4-4A0C-824D-AA20E0083384}.Release|Any CPU.Build.0 = Release|Any CPU
	EndGlobalSection
	GlobalSection(SolutionProperties) = preSolution
		HideSolutionNode = FALSE
	EndGlobalSection
	GlobalSection(ExtensibilityGlobals) = postSolution
		SolutionGuid = {51141892-18FA-44CF-9DF2-B55282B1EF88}
	EndGlobalSection
EndGlobal
